
Microsoft Visual Studio Solution File, Format Version 12.00
# Visual Studio Version 17
VisualStudioVersion = 17.5.002.0
MinimumVisualStudioVersion = 10.0.40219.1
Project("{9A19103F-16F7-4668-BE54-9A1E7A4F7556}") = "08_Herança_Polimorfismo", "08_Herança_Polimorfismo.csproj", "{73634C5B-641D-4188-9FDD-86FFFA8CD0B0}"
EndProject
Global
	GlobalSection(SolutionConfigurationPlatforms) = preSolution
		Debug|Any CPU = Debug|Any CPU
		Release|Any CPU = Release|Any CPU
	EndGlobalSection
	GlobalSection(ProjectConfigurationPlatforms) = postSolution
		{73634C5B-641D-4188-9FDD-86FFFA8CD0B0}.Debug|Any CPU.ActiveCfg = Debug|Any CPU
		{73634C5B-641D-4188-9FDD-86FFFA8CD0B0}.Debug|Any CPU.Build.0 = Debug|Any CPU
		{73634C5B-641D-4188-9FDD-86FFFA8CD0B0}.Release|Any CPU.ActiveCfg = Release|Any CPU
		{73634C5B-641D-4188-9FDD-86FFFA8CD0B0}.Release|Any CPU.Build.0 = Release|Any CPU
	EndGlobalSection
	GlobalSection(SolutionProperties) = preSolution
		HideSolutionNode = FALSE
	EndGlobalSection
	GlobalSection(ExtensibilityGlobals) = postSolution
		SolutionGuid = {B9BC0E3F-1BE5-424C-90CD-B95470C85A9A}
	EndGlobalSection
EndGlobal
